
Microsoft Visual Studio Solution File, Format Version 11.00
# Visual Basic Express 2010
Project("{F184B08F-C81C-45F6-A57F-5ABD9991F28F}") = "DiceProgram", "DiceProgram\DiceProgram.vbproj", "{4568D898-34B3-4C11-8D96-49F97469B9BC}"
EndProject
Global
	GlobalSection(SolutionConfigurationPlatforms) = preSolution
		Debug|x86 = Debug|x86
		Release|x86 = Release|x86
	EndGlobalSection
	GlobalSection(ProjectConfigurationPlatforms) = postSolution
		{4568D898-34B3-4C11-8D96-49F97469B9BC}.Debug|x86.ActiveCfg = Debug|x86
		{4568D898-34B3-4C11-8D96-49F97469B9BC}.Debug|x86.Build.0 = Debug|x86
		{4568D898-34B3-4C11-8D96-49F97469B9BC}.Release|x86.ActiveCfg = Release|x86
		{4568D898-34B3-4C11-8D96-49F97469B9BC}.Release|x86.Build.0 = Release|x86
	EndGlobalSection
	GlobalSection(SolutionProperties) = preSolution
		HideSolutionNode = FALSE
	EndGlobalSection
EndGlobal
