
Microsoft Visual Studio Solution File, Format Version 11.00
# Visual Basic Express 2010
Project("{F184B08F-C81C-45F6-A57F-5ABD9991F28F}") = "HelloWorld2", "HelloWorld2\HelloWorld2.vbproj", "{1813CCE1-6AF6-471C-87BC-22E069263D94}"
EndProject
Global
	GlobalSection(SolutionConfigurationPlatforms) = preSolution
		Debug|x86 = Debug|x86
		Release|x86 = Release|x86
	EndGlobalSection
	GlobalSection(ProjectConfigurationPlatforms) = postSolution
		{1813CCE1-6AF6-471C-87BC-22E069263D94}.Debug|x86.ActiveCfg = Debug|x86
		{1813CCE1-6AF6-471C-87BC-22E069263D94}.Debug|x86.Build.0 = Debug|x86
		{1813CCE1-6AF6-471C-87BC-22E069263D94}.Release|x86.ActiveCfg = Release|x86
		{1813CCE1-6AF6-471C-87BC-22E069263D94}.Release|x86.Build.0 = Release|x86
	EndGlobalSection
	GlobalSection(SolutionProperties) = preSolution
		HideSolutionNode = FALSE
	EndGlobalSection
EndGlobal
