
Microsoft Visual Studio Solution File, Format Version 11.00
# Visual Basic Express 2010
Project("{F184B08F-C81C-45F6-A57F-5ABD9991F28F}") = "SlotsMachine", "SlotsMachine\SlotsMachine.vbproj", "{EB74D5FC-5CA0-46B9-B41F-AED644CC889F}"
EndProject
Global
	GlobalSection(SolutionConfigurationPlatforms) = preSolution
		Debug|x86 = Debug|x86
		Release|x86 = Release|x86
	EndGlobalSection
	GlobalSection(ProjectConfigurationPlatforms) = postSolution
		{EB74D5FC-5CA0-46B9-B41F-AED644CC889F}.Debug|x86.ActiveCfg = Debug|x86
		{EB74D5FC-5CA0-46B9-B41F-AED644CC889F}.Debug|x86.Build.0 = Debug|x86
		{EB74D5FC-5CA0-46B9-B41F-AED644CC889F}.Release|x86.ActiveCfg = Release|x86
		{EB74D5FC-5CA0-46B9-B41F-AED644CC889F}.Release|x86.Build.0 = Release|x86
	EndGlobalSection
	GlobalSection(SolutionProperties) = preSolution
		HideSolutionNode = FALSE
	EndGlobalSection
EndGlobal
