
Microsoft Visual Studio Solution File, Format Version 11.00
# Visual Basic Express 2010
Project("{F184B08F-C81C-45F6-A57F-5ABD9991F28F}") = "EvansGame", "EvansGame\EvansGame.vbproj", "{74D8027F-BD9C-4A8E-BAD8-E8E69DC5A90B}"
EndProject
Global
	GlobalSection(SolutionConfigurationPlatforms) = preSolution
		Debug|x86 = Debug|x86
		Release|x86 = Release|x86
	EndGlobalSection
	GlobalSection(ProjectConfigurationPlatforms) = postSolution
		{74D8027F-BD9C-4A8E-BAD8-E8E69DC5A90B}.Debug|x86.ActiveCfg = Debug|x86
		{74D8027F-BD9C-4A8E-BAD8-E8E69DC5A90B}.Debug|x86.Build.0 = Debug|x86
		{74D8027F-BD9C-4A8E-BAD8-E8E69DC5A90B}.Release|x86.ActiveCfg = Release|x86
		{74D8027F-BD9C-4A8E-BAD8-E8E69DC5A90B}.Release|x86.Build.0 = Release|x86
	EndGlobalSection
	GlobalSection(SolutionProperties) = preSolution
		HideSolutionNode = FALSE
	EndGlobalSection
EndGlobal
