
Microsoft Visual Studio Solution File, Format Version 11.00
# Visual Basic Express 2010
Project("{F184B08F-C81C-45F6-A57F-5ABD9991F28F}") = "Fishrageous", "Fishrageous\Fishrageous.vbproj", "{DEBF75B6-AFF4-4D1C-A533-74513C3D37AA}"
EndProject
Global
	GlobalSection(SolutionConfigurationPlatforms) = preSolution
		Debug|x86 = Debug|x86
		Release|x86 = Release|x86
	EndGlobalSection
	GlobalSection(ProjectConfigurationPlatforms) = postSolution
		{DEBF75B6-AFF4-4D1C-A533-74513C3D37AA}.Debug|x86.ActiveCfg = Debug|x86
		{DEBF75B6-AFF4-4D1C-A533-74513C3D37AA}.Debug|x86.Build.0 = Debug|x86
		{DEBF75B6-AFF4-4D1C-A533-74513C3D37AA}.Release|x86.ActiveCfg = Release|x86
		{DEBF75B6-AFF4-4D1C-A533-74513C3D37AA}.Release|x86.Build.0 = Release|x86
	EndGlobalSection
	GlobalSection(SolutionProperties) = preSolution
		HideSolutionNode = FALSE
	EndGlobalSection
EndGlobal
